# THIS IS AN AUTOGENERATED FILE. DO NOT EDIT THIS FILE DIRECTLY.
# yarn lockfile v1


"@lexical/code@0.9.0", "@lexical/code@^0.9.0":
  version "0.9.0"
  resolved "https://registry.yarnpkg.com/@lexical/code/-/code-0.9.0.tgz#d916c941e991a8aaa3ef40c8073c4d5b8d5cd95a"
  integrity sha512-DdHB7kS/iOTeb6C2DvYKvNb/FTdG78eFpineO1Tb4PaBNY5JmFLHIIHeA10eCeuGouJfhJFjkplel3JBV4FNAw==
  dependencies:
    "@lexical/utils" "0.9.0"
    prismjs "^1.27.0"

"@lexical/dragon@^0.9.0":
  version "0.9.0"
  resolved "https://registry.yarnpkg.com/@lexical/dragon/-/dragon-0.9.0.tgz#1af8587889868da5e3f7b8f8f6f1a259df1276ba"
  integrity sha512-ehx/yr+epvhrsk6CcqsUFLSslq+VGBt8mlQBuceXekIvzUT0I3Uktgtfw5zFsFMc/DnJAEafv/tZlHlc1ZTioQ==

"@lexical/file@^0.9.0":
  version "0.9.0"
  resolved "https://registry.yarnpkg.com/@lexical/file/-/file-0.9.0.tgz#05ff0e73cd4e48fc031a9a164cb516c5ea2ed2a1"
  integrity sha512-prRPsuVwV7qQ82+WfX5zOtxQNbFEMRLkZD3W/JabzSy+QYcPje2JOmYusQ1R0/c4Uf43BE4xm0G753zKxbLXbA==

"@lexical/hashtag@^0.9.0":
  version "0.9.0"
  resolved "https://registry.yarnpkg.com/@lexical/hashtag/-/hashtag-0.9.0.tgz#8adef8f9bf132d6c343ff818795d037d697c13f3"
  integrity sha512-RjEt27dZfC/BP/yM3kJ8eB4Qf2UqLpImlUsc50z16gSZntZ3fK+9jkSZ7+ACzzvZ81Uph9vVkmdi/3zzlljjEw==
  dependencies:
    "@lexical/utils" "0.9.0"

"@lexical/headless@^0.9.0":
  version "0.9.0"
  resolved "https://registry.yarnpkg.com/@lexical/headless/-/headless-0.9.0.tgz#59994fba73bc745aac1a5fba2a88a0b468fe0d3f"
  integrity sha512-rA1fTyZAAA9XXXgSDaz0JMHCkMclgoy5rdaZvmnQY4t742BvtdFd2rPEcLCcj6TI7UHgFpkpb9xjZD5ICXu6tA==

"@lexical/history@^0.9.0":
  version "0.9.0"
  resolved "https://registry.yarnpkg.com/@lexical/history/-/history-0.9.0.tgz#3e73729fa9906eec926d17d00a26643d53122e64"
  integrity sha512-prEeoDqYB1rz4Qr64kn62lmphn85Nd3HO2Cx5DNWwwgTz+X9LcFC32yJMzoX61iVm9Uhk4XbjnX0ZW46meosNA==
  dependencies:
    "@lexical/utils" "0.9.0"

"@lexical/link@0.9.0", "@lexical/link@^0.9.0":
  version "0.9.0"
  resolved "https://registry.yarnpkg.com/@lexical/link/-/link-0.9.0.tgz#2fd878f69723d5875a527cdda8c24df3bb4ba7ac"
  integrity sha512-zubpf5Wli+F9Q8hqIQ8/arzVJzhXStA2qjvVBv1aM4YwbwLP3jqhRngSfMQX7ZDrHow8uc9xrR7l/t6eO/8XfQ==
  dependencies:
    "@lexical/utils" "0.9.0"

"@lexical/list@0.9.0", "@lexical/list@^0.9.0":
  version "0.9.0"
  resolved "https://registry.yarnpkg.com/@lexical/list/-/list-0.9.0.tgz#ee674c5ba7aea50b5d1007a3d2b10d9638ca37a0"
  integrity sha512-vC6W9UaWvL1QB8HG+2OfR10fk+eOMktUllSmfNMeCi26ymcAkzvu9OtbLgL2aiU1h95S+iC7fPhUXl/G5gaB1w==
  dependencies:
    "@lexical/utils" "0.9.0"

"@lexical/mark@^0.9.0":
  version "0.9.0"
  resolved "https://registry.yarnpkg.com/@lexical/mark/-/mark-0.9.0.tgz#040d3e8d3e2f46160bd4e5b1e6a5489df0c6aa46"
  integrity sha512-ACflXazTIEMg+HEGrZa4lmje1R4bxfqbyqRw7C/t+iHr2eZROEpIg9Z+ztQ7wx8YSdNXI36k/WsDEU8uxIgGdQ==
  dependencies:
    "@lexical/utils" "0.9.0"

"@lexical/markdown@^0.9.0":
  version "0.9.0"
  resolved "https://registry.yarnpkg.com/@lexical/markdown/-/markdown-0.9.0.tgz#3a6cc17196514ca79314d220029ed9a406f3ff5a"
  integrity sha512-2VcA+csrnVpXDLU4G69gg4DCKiU1mUn0lPUKOp74iuR+g2K/5PbiRSwJD6vbn18Qxp5qM+bGmMVDbPXp6rIxvA==
  dependencies:
    "@lexical/code" "0.9.0"
    "@lexical/link" "0.9.0"
    "@lexical/list" "0.9.0"
    "@lexical/rich-text" "0.9.0"
    "@lexical/text" "0.9.0"
    "@lexical/utils" "0.9.0"

"@lexical/offset@^0.9.0":
  version "0.9.0"
  resolved "https://registry.yarnpkg.com/@lexical/offset/-/offset-0.9.0.tgz#aec971e334a8c06784d65be9de206190ea108ac2"
  integrity sha512-Tw1V852si1fK7jLtpWNmTlFMUkZAGIKrOuKE/MnboXrDXL1qydCZn1rN/UVIDTPjmF6O6YGh4XQwi4IIWBDvfQ==

"@lexical/overflow@^0.9.0":
  version "0.9.0"
  resolved "https://registry.yarnpkg.com/@lexical/overflow/-/overflow-0.9.0.tgz#e04dce39819fca28613127eb8e0d9296bb8be46f"
  integrity sha512-OxtsJ4b9xj6A3TcIJ5RgPmwMmQr643lu9LFMWTrSsLEUIhwWCRwqGaY37LflqpLRNLlcGTbqAqzlTs33hEvsqg==

"@lexical/plain-text@^0.9.0":
  version "0.9.0"
  resolved "https://registry.yarnpkg.com/@lexical/plain-text/-/plain-text-0.9.0.tgz#60be75e4e5f39f01ec2bac7c75e56cb10fdfdbcf"
  integrity sha512-V5UKWRdi0Wl1lIGBcPgbWoO4x4leIcBJ1GA2HSp/7dIn5ay9x+lgqKQMI9nQlg72yai5cthv5r16pypjlpk4dg==

"@lexical/rich-text@0.9.0":
  version "0.9.0"
  resolved "https://registry.yarnpkg.com/@lexical/rich-text/-/rich-text-0.9.0.tgz#269283a57dddfe033164a6b541fa2a720daf1b67"
  integrity sha512-FC2stGty/S5hrQW3uL3xsrNXvKmPqhsSG73gwfx5VH6CxwABQjBGfNq1wO5p02c3J/KOC8OeKuEtgbwldEX48Q==

"@lexical/selection@0.9.0", "@lexical/selection@^0.9.0":
  version "0.9.0"
  resolved "https://registry.yarnpkg.com/@lexical/selection/-/selection-0.9.0.tgz#2c11085f94435c1c71344654a1f2b9a0c3549a22"
  integrity sha512-jPLeaqNujER1t61OWmSuUMS010A6Nz49efO8rEJFjMbUK7GB9IDsSDgvE4WnT/yBrXLAickjSiXgUq51LQTYYw==

"@lexical/table@0.9.0", "@lexical/table@^0.9.0":
  version "0.9.0"
  resolved "https://registry.yarnpkg.com/@lexical/table/-/table-0.9.0.tgz#8f4e0d797c15141e26667cc54d7b640c90f5a9b8"
  integrity sha512-Qi0naXpMw4eUREEUGRJH41uf6DXbK5UgrJSMaX1FYvEV8Mk3EjRW1KkjuQGbwlchtEvchyyY6wo6uoYR80Vw7w==
  dependencies:
    "@lexical/utils" "0.9.0"

"@lexical/text@0.9.0", "@lexical/text@^0.9.0":
  version "0.9.0"
  resolved "https://registry.yarnpkg.com/@lexical/text/-/text-0.9.0.tgz#ee90b42d8558123c917f561cfbfb804dac25e0a4"
  integrity sha512-+OHoB1Qb2SajGTEm9K4I3hDtCmeLr0Bs62psra6qYE/lil0Y8brrEXB5egppDpm6mKtiMzGrkBDMpcsKw/kiWA==

"@lexical/utils@0.9.0", "@lexical/utils@^0.9.0":
  version "0.9.0"
  resolved "https://registry.yarnpkg.com/@lexical/utils/-/utils-0.9.0.tgz#923e79af94566844442bc8699aba89f7d1cf5779"
  integrity sha512-s4BrBKrd7VHexLSYdSKrRAVmuxmfVV49MYx/khILGnNQKYS2O8PuERCXi+IRi8Ac5ASELO6d28Y2my8NMM1CYA==
  dependencies:
    "@lexical/list" "0.9.0"
    "@lexical/selection" "0.9.0"
    "@lexical/table" "0.9.0"

lexical@^0.9.0:
  version "0.9.0"
  resolved "https://registry.yarnpkg.com/lexical/-/lexical-0.9.0.tgz#9c67b624b19a521b2515721b65a12e7fdc806980"
  integrity sha512-UHMvjRVqrpBLJkCRytVxAvy3PftRnlhZIqKcY1Uiugf6KjzP0GQTwWhxxcltJJ0sZCjZcVYgiib+m08R5KXz0g==

prismjs@^1.27.0:
  version "1.29.0"
  resolved "https://registry.yarnpkg.com/prismjs/-/prismjs-1.29.0.tgz#f113555a8fa9b57c35e637bba27509dcf802dd12"
  integrity sha512-Kx/1w86q/epKcmte75LNrEoT+lX8pBpavuAbvJWRXar7Hz8jrtF+e3vY751p0R8H9HdArwaCTNDDzHg/ScJK1Q==

typescript@4.4.4:
  version "4.4.4"
  resolved "https://registry.yarnpkg.com/typescript/-/typescript-4.4.4.tgz#2cd01a1a1f160704d3101fd5a58ff0f9fcb8030c"
  integrity sha512-DqGhF5IKoBl8WNf8C1gu8q0xZSInh9j1kJJMqT3a94w1JzVaBU4EXOSMrz9yDqMT0xt3selp83fuFMQ0uzv6qA==
